// !$*UTF8*$!
{
	archiveVersion = 1;
	classes = {
	};
	objectVersion = 46;
	objects = {

/* Begin PBXBuildFile section */
		C44AEACB1F4EA319008D4B60 /* AppDelegate.swift in Sources */ = {isa = PBXBuildFile; fileRef = C44AEACA1F4EA319008D4B60 /* AppDelegate.swift */; };
		C44AEACD1F4EA319008D4B60 /* ViewController.swift in Sources */ = {isa = PBXBuildFile; fileRef = C44AEACC1F4EA319008D4B60 /* ViewController.swift */; };
		C44AEAD01F4EA319008D4B60 /* Main.storyboard in Resources */ = {isa = PBXBuildFile; fileRef = C44AEACE1F4EA319008D4B60 /* Main.storyboard */; };
		C44AEAD21F4EA319008D4B60 /* Assets.xcassets in Resources */ = {isa = PBXBuildFile; fileRef = C44AEAD11F4EA319008D4B60 /* Assets.xcassets */; };
		C44AEAD51F4EA319008D4B60 /* LaunchScreen.storyboard in Resources */ = {isa = PBXBuildFile; fileRef = C44AEAD31F4EA319008D4B60 /* LaunchScreen.storyboard */; };
/* End PBXBuildFile section */

/* Begin PBXFileReference section */
		C44AEAC71F4EA319008D4B60 /* DemoTabList.app */ = {isa = PBXFileReference; explicitFileType = wrapper.application; includeInIndex = 0; path = DemoTabList.app; sourceTree = BUILT_PRODUCTS_DIR; };
		C44AEACA1F4EA319008D4B60 /* AppDelegate.swift */ = {isa = PBXFileReference; lastKnownFileType = sourcecode.swift; path = AppDelegate.swift; sourceTree = "<group>"; };
		C44AEACC1F4EA319008D4B60 /* ViewController.swift */ = {isa = PBXFileReference; lastKnownFileType = sourcecode.swift; path = ViewController.swift; sourceTree = "<group>"; };
		C44AEACF1F4EA319008D4B60 /* Base */ = {isa = PBXFileReference; lastKnownFileType = file.storyboard; name = Base; path = Base.lproj/Main.storyboard; sourceTree = "<group>"; };
		C44AEAD11F4EA319008D4B60 /* Assets.xcassets */ = {isa = PBXFileReference; lastKnownFileType = folder.assetcatalog; path = Assets.xcassets; sourceTree = "<group>"; };
		C44AEAD41F4EA319008D4B60 /* Base */ = {isa = PBXFileReference; lastKnownFileType = file.storyboard; name = Base; path = Base.lproj/LaunchScreen.storyboard; sourceTree = "<group>"; };
		C44AEAD61F4EA319008D4B60 /* Info.plist */ = {isa = PBXFileReference; lastKnownFileType = text.plist.xml; path = Info.plist; sourceTree = "<group>"; };
/* End PBXFileReference section */

/* Begin PBXFrameworksBuildPhase section */
		C44AEAC41F4EA319008D4B60 /* Frameworks */ = {
			isa = PBXFrameworksBuildPhase;
			buildActionMask = 2147483647;
			files = (
			);
			runOnlyForDeploymentPostprocessing = 0;
		};
/* End PBXFrameworksBuildPhase section */

/* Begin PBXGroup section */
		C44AEABE1F4EA319008D4B60 = {
			isa = PBXGroup;
			children = (
				C44AEAC91F4EA319008D4B60 /* DemoTabList */,
				C44AEAC81F4EA319008D4B60 /* Products */,
			);
			sourceTree = "<group>";
		};
		C44AEAC81F4EA319008D4B60 /* Products */ = {
			isa = PBXGroup;
			children = (
				C44AEAC71F4EA319008D4B60 /* DemoTabList.app */,
			);
			name = Products;
			sourceTree = "<group>";
		};
		C44AEAC91F4EA319008D4B60 /* DemoTabList */ = {
			isa = PBXGroup;
			children = (
				C44AEACA1F4EA319008D4B60 /* AppDelegate.swift */,
				C44AEACC1F4EA319008D4B60 /* ViewController.swift */,
				C44AEACE1F4EA319008D4B60 /* Main.storyboard */,
				C44AEAD11F4EA319008D4B60 /* Assets.xcassets */,
				C44AEAD31F4EA319008D4B60 /* LaunchScreen.storyboard */,
				C44AEAD61F4EA319008D4B60 /* Info.plist */,
			);
			path = DemoTabList;
			sourceTree = "<group>";
		};
/* End PBXGroup section */

/* Begin PBXNativeTarget section */
		C44AEAC61F4EA319008D4B60 /* DemoTabList */ = {
			isa = PBXNativeTarget;
			buildConfigurationList = C44AEAD91F4EA319008D4B60 /* Build configuration list for PBXNativeTarget "DemoTabList" */;
			buildPhases = (
				C44AEAC31F4EA319008D4B60 /* Sources */,
				C44AEAC41F4EA319008D4B60 /* Frameworks */,
				C44AEAC51F4EA319008D4B60 /* Resources */,
			);
			buildRules = (
			);
			dependencies = (
			);
			name = DemoTabList;
			productName = DemoTabList;
			productReference = C44AEAC71F4EA319008D4B60 /* DemoTabList.app */;
			productType = "com.apple.product-type.application";
		};
/* End PBXNativeTarget section */

/* Begin PBXProject section */
		C44AEABF1F4EA319008D4B60 /* Project object */ = {
			isa = PBXProject;
			attributes = {
				LastSwiftUpdateCheck = 0810;
				LastUpgradeCheck = 0810;
				ORGANIZATIONNAME = "Khuat Van Dung";
				TargetAttributes = {
					C44AEAC61F4EA319008D4B60 = {
						CreatedOnToolsVersion = 8.1;
						ProvisioningStyle = Automatic;
					};
				};
			};
			buildConfigurationList = C44AEAC21F4EA319008D4B60 /* Build configuration list for PBXProject "DemoTabList" */;
			compatibilityVersion = "Xcode 3.2";
			developmentRegion = English;
			hasScannedForEncodings = 0;
			knownRegions = (
				en,
				Base,
			);
			mainGroup = C44AEABE1F4EA319008D4B60;
			productRefGroup = C44AEAC81F4EA319008D4B60 /* Products */;
			projectDirPath = "";
			projectRoot = "";
			targets = (
				C44AEAC61F4EA319008D4B60 /* DemoTabList */,
			);
		};
/* End PBXProject section */

/* Begin PBXResourcesBuildPhase section */
		C44AEAC51F4EA319008D4B60 /* Resources */ = {
			isa = PBXResourcesBuildPhase;
			buildActionMask = 2147483647;
			files = (
				C44AEAD51F4EA319008D4B60 /* LaunchScreen.storyboard in Resources */,
				C44AEAD21F4EA319008D4B60 /* Assets.xcassets in Resources */,
				C44AEAD01F4EA319008D4B60 /* Main.storyboard in Resources */,
			);
			runOnlyForDeploymentPostprocessing = 0;
		};
/* End PBXResourcesBuildPhase section */

/* Begin PBXSourcesBuildPhase section */
		C44AEAC31F4EA319008D4B60 /* Sources */ = {
			isa = PBXSourcesBuildPhase;
			buildActionMask = 2147483647;
			files = (
				C44AEACD1F4EA319008D4B60 /* ViewController.swift in Sources */,
				C44AEACB1F4EA319008D4B60 /* AppDelegate.swift in Sources */,
			);
			runOnlyForDeploymentPostprocessing = 0;
		};
/* End PBXSourcesBuildPhase section */

/* Begin PBXVariantGroup section */
		C44AEACE1F4EA319008D4B60 /* Main.storyboard */ = {
			isa = PBXVariantGroup;
			children = (
				C44AEACF1F4EA319008D4B60 /* Base */,
			);
			name = Main.storyboard;
			sourceTree = "<group>";
		};
		C44AEAD31F4EA319008D4B60 /* LaunchScreen.storyboard */ = {
			isa = PBXVariantGroup;
			children = (
				C44AEAD41F4EA319008D4B60 /* Base */,
			);
			name = LaunchScreen.storyboard;
			sourceTree = "<group>";
		};
/* End PBXVariantGroup section */

/* Begin XCBuildConfiguration section */
		C44AEAD71F4EA319008D4B60 /* Debug */ = {
			isa = XCBuildConfiguration;
			buildSettings = {
				ALWAYS_SEARCH_USER_PATHS = NO;
				CLANG_ANALYZER_NONNULL = YES;
				CLANG_CXX_LANGUAGE_STANDARD = "gnu++0x";
				CLANG_CXX_LIBRARY = "libc++";
				CLANG_ENABLE_MODULES = YES;
				CLANG_ENABLE_OBJC_ARC = YES;
				CLANG_WARN_BOOL_CONVERSION = YES;
				CLANG_WARN_CONSTANT_CONVERSION = YES;
				CLANG_WARN_DIRECT_OBJC_ISA_USAGE = YES_ERROR;
				CLANG_WARN_DOCUMENTATION_COMMENTS = YES;
				CLANG_WARN_EMPTY_BODY = YES;
				CLANG_WARN_ENUM_CONVERSION = YES;
				CLANG_WARN_INFINITE_RECURSION = YES;
				CLANG_WARN_INT_CONVERSION = YES;
				CLANG_WARN_OBJC_ROOT_CLASS = YES_ERROR;
				CLANG_WARN_SUSPICIOUS_MOVES = YES;
				CLANG_WARN_UNREACHABLE_CODE = YES;
				CLANG_WARN__DUPLICATE_METHOD_MATCH = YES;
				"CODE_SIGN_IDENTITY[sdk=iphoneos*]" = "iPhone Developer";
				COPY_PHASE_STRIP = NO;
				DEBUG_INFORMATION_FORMAT = dwarf;
				ENABLE_STRICT_OBJC_MSGSEND = YES;
				ENABLE_TESTABILITY = YES;
				GCC_C_LANGUAGE_STANDARD = gnu99;
				GCC_DYNAMIC_NO_PIC = NO;
				GCC_NO_COMMON_BLOCKS = YES;
				GCC_OPTIMIZATION_LEVEL = 0;
				GCC_PREPROCESSOR_DEFINITIONS = (
					"DEBUG=1",
					"$(inherited)",
				);
				GCC_WARN_64_TO_32_BIT_CONVERSION = YES;
				GCC_WARN_ABOUT_RETURN_TYPE = YES_ERROR;
				GCC_WARN_UNDECLARED_SELECTOR = YES;
				GCC_WARN_UNINITIALIZED_AUTOS = YES_AGGRESSIVE;
				GCC_WARN_UNUSED_FUNCTION = YES;
				GCC_WARN_UNUSED_VARIABLE = YES;
				IPHONEOS_DEPLOYMENT_TARGET = 10.1;
				MTL_ENABLE_DEBUG_INFO = YES;
				ONLY_ACTIVE_ARCH = YES;
				SDKROOT = iphoneos;
				SWIFT_ACTIVE_COMPILATION_CONDITIONS = DEBUG;
				SWIFT_OPTIMIZATION_LEVEL = "-Onone";
			};
			name = Debug;
		};
		C44AEAD81F4EA319008D4B60 /* Release */ = {
			isa = XCBuildConfiguration;
			buildSettings = {
				ALWAYS_SEARCH_USER_PATHS = NO;
				CLANG_ANALYZER_NONNULL = YES;
				CLANG_CXX_LANGUAGE_STANDARD = "gnu++0x";
				CLANG_CXX_LIBRARY = "libc++";
				CLANG_ENABLE_MODULES = YES;
				CLANG_ENABLE_OBJC_ARC = YES;
				CLANG_WARN_BOOL_CONVERSION = YES;
				CLANG_WARN_CONSTANT_CONVERSION = YES;
				CLANG_WARN_DIRECT_OBJC_ISA_USAGE = YES_ERROR;
				CLANG_WARN_DOCUMENTATION_COMMENTS = YES;
				CLANG_WARN_EMPTY_BODY = YES;
				CLANG_WARN_ENUM_CONVERSION = YES;
				CLANG_WARN_INFINITE_RECURSION = YES;
				CLANG_WARN_INT_CONVERSION = YES;
				CLANG_WARN_OBJC_ROOT_CLASS = YES_ERROR;
				CLANG_WARN_SUSPICIOUS_MOVES = YES;
				CLANG_WARN_UNREACHABLE_CODE = YES;
				CLANG_WARN__DUPLICATE_METHOD_MATCH = YES;
				"CODE_SIGN_IDENTITY[sdk=iphoneos*]" = "iPhone Developer";
				COPY_PHASE_STRIP = NO;
				DEBUG_INFORMATION_FORMAT = "dwarf-with-dsym";
				ENABLE_NS_ASSERTIONS = NO;
				ENABLE_STRICT_OBJC_MSGSEND = YES;
				GCC_C_LANGUAGE_STANDARD = gnu99;
				GCC_NO_COMMON_BLOCKS = YES;
				GCC_WARN_64_TO_32_BIT_CONVERSION = YES;
				GCC_WARN_ABOUT_RETURN_TYPE = YES_ERROR;
				GCC_WARN_UNDECLARED_SELECTOR = YES;
				GCC_WARN_UNINITIALIZED_AUTOS = YES_AGGRESSIVE;
				GCC_WARN_UNUSED_FUNCTION = YES;
				GCC_WARN_UNUSED_VARIABLE = YES;
				IPHONEOS_DEPLOYMENT_TARGET = 10.1;
				MTL_ENABLE_DEBUG_INFO = NO;
				SDKROOT = iphoneos;
				SWIFT_OPTIMIZATION_LEVEL = "-Owholemodule";
				VALIDATE_PRODUCT = YES;
			};
			name = Release;
		};
		C44AEADA1F4EA319008D4B60 /* Debug */ = {
			isa = XCBuildConfiguration;
			buildSettings = {
				ASSETCATALOG_COMPILER_APPICON_NAME = AppIcon;
				INFOPLIST_FILE = DemoTabList/Info.plist;
				LD_RUNPATH_SEARCH_PATHS = "$(inherited) @executable_path/Frameworks";
				PRODUCT_BUNDLE_IDENTIFIER = com.dungkv.DemoTabList;
				PRODUCT_NAME = "$(TARGET_NAME)";
				SWIFT_VERSION = 3.0;
			};
			name = Debug;
		};
		C44AEADB1F4EA319008D4B60 /* Release */ = {
			isa = XCBuildConfiguration;
			buildSettings = {
				ASSETCATALOG_COMPILER_APPICON_NAME = AppIcon;
				INFOPLIST_FILE = DemoTabList/Info.plist;
				LD_RUNPATH_SEARCH_PATHS = "$(inherited) @executable_path/Frameworks";
				PRODUCT_BUNDLE_IDENTIFIER = com.dungkv.DemoTabList;
				PRODUCT_NAME = "$(TARGET_NAME)";
				SWIFT_VERSION = 3.0;
			};
			name = Release;
		};
/* End XCBuildConfiguration section */

/* Begin XCConfigurationList section */
		C44AEAC21F4EA319008D4B60 /* Build configuration list for PBXProject "DemoTabList" */ = {
			isa = XCConfigurationList;
			buildConfigurations = (
				C44AEAD71F4EA319008D4B60 /* Debug */,
				C44AEAD81F4EA319008D4B60 /* Release */,
			);
			defaultConfigurationIsVisible = 0;
			defaultConfigurationName = Release;
		};
		C44AEAD91F4EA319008D4B60 /* Build configuration list for PBXNativeTarget "DemoTabList" */ = {
			isa = XCConfigurationList;
			buildConfigurations = (
				C44AEADA1F4EA319008D4B60 /* Debug */,
				C44AEADB1F4EA319008D4B60 /* Release */,
			);
			defaultConfigurationIsVisible = 0;
		};
/* End XCConfigurationList section */
	};
	rootObject = C44AEABF1F4EA319008D4B60 /* Project object */;
}
